
Microsoft Visual Studio Solution File, Format Version 12.00
# Visual Studio Version 17
VisualStudioVersion = 17.0.31903.59
MinimumVisualStudioVersion = 10.0.40219.1
Project("{2150E333-8FDC-42A3-9474-1A3956D46DE8}") = "src", "src", "{827E0CD3-B72D-47B6-A68D-7590B98EB39B}"
EndProject
Project("{FAE04EC0-301F-11D3-BF4B-00C04F79EFBC}") = "FlowPilot.Api", "src\FlowPilot.Api\FlowPilot.Api.csproj", "{03304AB2-3F69-4701-9B0F-A53B4E7A6302}"
EndProject
Project("{FAE04EC0-301F-11D3-BF4B-00C04F79EFBC}") = "FlowPilot.Application", "src\FlowPilot.Application\FlowPilot.Application.csproj", "{A7C50CE4-364C-4464-B6E4-117EA9D22EBA}"
EndProject
Project("{FAE04EC0-301F-11D3-BF4B-00C04F79EFBC}") = "FlowPilot.Domain", "src\FlowPilot.Domain\FlowPilot.Domain.csproj", "{92EFA6AB-5A32-486D-A157-05CA1C770BA2}"
EndProject
Project("{FAE04EC0-301F-11D3-BF4B-00C04F79EFBC}") = "FlowPilot.Infrastructure", "src\FlowPilot.Infrastructure\FlowPilot.Infrastructure.csproj", "{9239F52D-332B-4D7B-8F09-592D9391E2D2}"
EndProject
Project("{2150E333-8FDC-42A3-9474-1A3956D46DE8}") = "tests", "tests", "{0AB3BF05-4346-4AA6-1389-037BE0695223}"
EndProject
Project("{FAE04EC0-301F-11D3-BF4B-00C04F79EFBC}") = "FlowPilot.ArchitectureTests", "tests\FlowPilot.ArchitectureTests\FlowPilot.ArchitectureTests.csproj", "{CBADBD19-2511-487C-B239-A22BA0F9096E}"
EndProject
Project("{FAE04EC0-301F-11D3-BF4B-00C04F79EFBC}") = "FlowPilot.IntegrationTests", "tests\FlowPilot.IntegrationTests\FlowPilot.IntegrationTests.csproj", "{BFB3415A-F684-434D-A65E-3261EC902A04}"
EndProject
Project("{FAE04EC0-301F-11D3-BF4B-00C04F79EFBC}") = "FlowPilot.UnitTests", "tests\FlowPilot.UnitTests\FlowPilot.UnitTests.csproj", "{F5AD6DBE-7EDA-451C-97B2-919BC8F33F46}"
EndProject
Global
	GlobalSection(SolutionConfigurationPlatforms) = preSolution
		Debug|Any CPU = Debug|Any CPU
		Debug|x64 = Debug|x64
		Debug|x86 = Debug|x86
		Release|Any CPU = Release|Any CPU
		Release|x64 = Release|x64
		Release|x86 = Release|x86
	EndGlobalSection
	GlobalSection(ProjectConfigurationPlatforms) = postSolution
		{03304AB2-3F69-4701-9B0F-A53B4E7A6302}.Debug|Any CPU.ActiveCfg = Debug|Any CPU
		{03304AB2-3F69-4701-9B0F-A53B4E7A6302}.Debug|Any CPU.Build.0 = Debug|Any CPU
		{03304AB2-3F69-4701-9B0F-A53B4E7A6302}.Debug|x64.ActiveCfg = Debug|Any CPU
		{03304AB2-3F69-4701-9B0F-A53B4E7A6302}.Debug|x64.Build.0 = Debug|Any CPU
		{03304AB2-3F69-4701-9B0F-A53B4E7A6302}.Debug|x86.ActiveCfg = Debug|Any CPU
		{03304AB2-3F69-4701-9B0F-A53B4E7A6302}.Debug|x86.Build.0 = Debug|Any CPU
		{03304AB2-3F69-4701-9B0F-A53B4E7A6302}.Release|Any CPU.ActiveCfg = Release|Any CPU
		{03304AB2-3F69-4701-9B0F-A53B4E7A6302}.Release|Any CPU.Build.0 = Release|Any CPU
		{03304AB2-3F69-4701-9B0F-A53B4E7A6302}.Release|x64.ActiveCfg = Release|Any CPU
		{03304AB2-3F69-4701-9B0F-A53B4E7A6302}.Release|x64.Build.0 = Release|Any CPU
		{03304AB2-3F69-4701-9B0F-A53B4E7A6302}.Release|x86.ActiveCfg = Release|Any CPU
		{03304AB2-3F69-4701-9B0F-A53B4E7A6302}.Release|x86.Build.0 = Release|Any CPU
		{A7C50CE4-364C-4464-B6E4-117EA9D22EBA}.Debug|Any CPU.ActiveCfg = Debug|Any CPU
		{A7C50CE4-364C-4464-B6E4-117EA9D22EBA}.Debug|Any CPU.Build.0 = Debug|Any CPU
		{A7C50CE4-364C-4464-B6E4-117EA9D22EBA}.Debug|x64.ActiveCfg = Debug|Any CPU
		{A7C50CE4-364C-4464-B6E4-117EA9D22EBA}.Debug|x64.Build.0 = Debug|Any CPU
		{A7C50CE4-364C-4464-B6E4-117EA9D22EBA}.Debug|x86.ActiveCfg = Debug|Any CPU
		{A7C50CE4-364C-4464-B6E4-117EA9D22EBA}.Debug|x86.Build.0 = Debug|Any CPU
		{A7C50CE4-364C-4464-B6E4-117EA9D22EBA}.Release|Any CPU.ActiveCfg = Release|Any CPU
		{A7C50CE4-364C-4464-B6E4-117EA9D22EBA}.Release|Any CPU.Build.0 = Release|Any CPU
		{A7C50CE4-364C-4464-B6E4-117EA9D22EBA}.Release|x64.ActiveCfg = Release|Any CPU
		{A7C50CE4-364C-4464-B6E4-117EA9D22EBA}.Release|x64.Build.0 = Release|Any CPU
		{A7C50CE4-364C-4464-B6E4-117EA9D22EBA}.Release|x86.ActiveCfg = Release|Any CPU
		{A7C50CE4-364C-4464-B6E4-117EA9D22EBA}.Release|x86.Build.0 = Release|Any CPU
		{92EFA6AB-5A32-486D-A157-05CA1C770BA2}.Debug|Any CPU.ActiveCfg = Debug|Any CPU
		{92EFA6AB-5A32-486D-A157-05CA1C770BA2}.Debug|Any CPU.Build.0 = Debug|Any CPU
		{92EFA6AB-5A32-486D-A157-05CA1C770BA2}.Debug|x64.ActiveCfg = Debug|Any CPU
		{92EFA6AB-5A32-486D-A157-05CA1C770BA2}.Debug|x64.Build.0 = Debug|Any CPU
		{92EFA6AB-5A32-486D-A157-05CA1C770BA2}.Debug|x86.ActiveCfg = Debug|Any CPU
		{92EFA6AB-5A32-486D-A157-05CA1C770BA2}.Debug|x86.Build.0 = Debug|Any CPU
		{92EFA6AB-5A32-486D-A157-05CA1C770BA2}.Release|Any CPU.ActiveCfg = Release|Any CPU
		{92EFA6AB-5A32-486D-A157-05CA1C770BA2}.Release|Any CPU.Build.0 = Release|Any CPU
		{92EFA6AB-5A32-486D-A157-05CA1C770BA2}.Release|x64.ActiveCfg = Release|Any CPU
		{92EFA6AB-5A32-486D-A157-05CA1C770BA2}.Release|x64.Build.0 = Release|Any CPU
		{92EFA6AB-5A32-486D-A157-05CA1C770BA2}.Release|x86.ActiveCfg = Release|Any CPU
		{92EFA6AB-5A32-486D-A157-05CA1C770BA2}.Release|x86.Build.0 = Release|Any CPU
		{9239F52D-332B-4D7B-8F09-592D9391E2D2}.Debug|Any CPU.ActiveCfg = Debug|Any CPU
		{9239F52D-332B-4D7B-8F09-592D9391E2D2}.Debug|Any CPU.Build.0 = Debug|Any CPU
		{9239F52D-332B-4D7B-8F09-592D9391E2D2}.Debug|x64.ActiveCfg = Debug|Any CPU
		{9239F52D-332B-4D7B-8F09-592D9391E2D2}.Debug|x64.Build.0 = Debug|Any CPU
		{9239F52D-332B-4D7B-8F09-592D9391E2D2}.Debug|x86.ActiveCfg = Debug|Any CPU
		{9239F52D-332B-4D7B-8F09-592D9391E2D2}.Debug|x86.Build.0 = Debug|Any CPU
		{9239F52D-332B-4D7B-8F09-592D9391E2D2}.Release|Any CPU.ActiveCfg = Release|Any CPU
		{9239F52D-332B-4D7B-8F09-592D9391E2D2}.Release|Any CPU.Build.0 = Release|Any CPU
		{9239F52D-332B-4D7B-8F09-592D9391E2D2}.Release|x64.ActiveCfg = Release|Any CPU
		{9239F52D-332B-4D7B-8F09-592D9391E2D2}.Release|x64.Build.0 = Release|Any CPU
		{9239F52D-332B-4D7B-8F09-592D9391E2D2}.Release|x86.ActiveCfg = Release|Any CPU
		{9239F52D-332B-4D7B-8F09-592D9391E2D2}.Release|x86.Build.0 = Release|Any CPU
		{CBADBD19-2511-487C-B239-A22BA0F9096E}.Debug|Any CPU.ActiveCfg = Debug|Any CPU
		{CBADBD19-2511-487C-B239-A22BA0F9096E}.Debug|Any CPU.Build.0 = Debug|Any CPU
		{CBADBD19-2511-487C-B239-A22BA0F9096E}.Debug|x64.ActiveCfg = Debug|Any CPU
		{CBADBD19-2511-487C-B239-A22BA0F9096E}.Debug|x64.Build.0 = Debug|Any CPU
		{CBADBD19-2511-487C-B239-A22BA0F9096E}.Debug|x86.ActiveCfg = Debug|Any CPU
		{CBADBD19-2511-487C-B239-A22BA0F9096E}.Debug|x86.Build.0 = Debug|Any CPU
		{CBADBD19-2511-487C-B239-A22BA0F9096E}.Release|Any CPU.ActiveCfg = Release|Any CPU
		{CBADBD19-2511-487C-B239-A22BA0F9096E}.Release|Any CPU.Build.0 = Release|Any CPU
		{CBADBD19-2511-487C-B239-A22BA0F9096E}.Release|x64.ActiveCfg = Release|Any CPU
		{CBADBD19-2511-487C-B239-A22BA0F9096E}.Release|x64.Build.0 = Release|Any CPU
		{CBADBD19-2511-487C-B239-A22BA0F9096E}.Release|x86.ActiveCfg = Release|Any CPU
		{CBADBD19-2511-487C-B239-A22BA0F9096E}.Release|x86.Build.0 = Release|Any CPU
		{BFB3415A-F684-434D-A65E-3261EC902A04}.Debug|Any CPU.ActiveCfg = Debug|Any CPU
		{BFB3415A-F684-434D-A65E-3261EC902A04}.Debug|Any CPU.Build.0 = Debug|Any CPU
		{BFB3415A-F684-434D-A65E-3261EC902A04}.Debug|x64.ActiveCfg = Debug|Any CPU
		{BFB3415A-F684-434D-A65E-3261EC902A04}.Debug|x64.Build.0 = Debug|Any CPU
		{BFB3415A-F684-434D-A65E-3261EC902A04}.Debug|x86.ActiveCfg = Debug|Any CPU
		{BFB3415A-F684-434D-A65E-3261EC902A04}.Debug|x86.Build.0 = Debug|Any CPU
		{BFB3415A-F684-434D-A65E-3261EC902A04}.Release|Any CPU.ActiveCfg = Release|Any CPU
		{BFB3415A-F684-434D-A65E-3261EC902A04}.Release|Any CPU.Build.0 = Release|Any CPU
		{BFB3415A-F684-434D-A65E-3261EC902A04}.Release|x64.ActiveCfg = Release|Any CPU
		{BFB3415A-F684-434D-A65E-3261EC902A04}.Release|x64.Build.0 = Release|Any CPU
		{BFB3415A-F684-434D-A65E-3261EC902A04}.Release|x86.ActiveCfg = Release|Any CPU
		{BFB3415A-F684-434D-A65E-3261EC902A04}.Release|x86.Build.0 = Release|Any CPU
		{F5AD6DBE-7EDA-451C-97B2-919BC8F33F46}.Debug|Any CPU.ActiveCfg = Debug|Any CPU
		{F5AD6DBE-7EDA-451C-97B2-919BC8F33F46}.Debug|Any CPU.Build.0 = Debug|Any CPU
		{F5AD6DBE-7EDA-451C-97B2-919BC8F33F46}.Debug|x64.ActiveCfg = Debug|Any CPU
		{F5AD6DBE-7EDA-451C-97B2-919BC8F33F46}.Debug|x64.Build.0 = Debug|Any CPU
		{F5AD6DBE-7EDA-451C-97B2-919BC8F33F46}.Debug|x86.ActiveCfg = Debug|Any CPU
		{F5AD6DBE-7EDA-451C-97B2-919BC8F33F46}.Debug|x86.Build.0 = Debug|Any CPU
		{F5AD6DBE-7EDA-451C-97B2-919BC8F33F46}.Release|Any CPU.ActiveCfg = Release|Any CPU
		{F5AD6DBE-7EDA-451C-97B2-919BC8F33F46}.Release|Any CPU.Build.0 = Release|Any CPU
		{F5AD6DBE-7EDA-451C-97B2-919BC8F33F46}.Release|x64.ActiveCfg = Release|Any CPU
		{F5AD6DBE-7EDA-451C-97B2-919BC8F33F46}.Release|x64.Build.0 = Release|Any CPU
		{F5AD6DBE-7EDA-451C-97B2-919BC8F33F46}.Release|x86.ActiveCfg = Release|Any CPU
		{F5AD6DBE-7EDA-451C-97B2-919BC8F33F46}.Release|x86.Build.0 = Release|Any CPU
	EndGlobalSection
	GlobalSection(SolutionProperties) = preSolution
		HideSolutionNode = FALSE
	EndGlobalSection
	GlobalSection(NestedProjects) = preSolution
		{03304AB2-3F69-4701-9B0F-A53B4E7A6302} = {827E0CD3-B72D-47B6-A68D-7590B98EB39B}
		{A7C50CE4-364C-4464-B6E4-117EA9D22EBA} = {827E0CD3-B72D-47B6-A68D-7590B98EB39B}
		{92EFA6AB-5A32-486D-A157-05CA1C770BA2} = {827E0CD3-B72D-47B6-A68D-7590B98EB39B}
		{9239F52D-332B-4D7B-8F09-592D9391E2D2} = {827E0CD3-B72D-47B6-A68D-7590B98EB39B}
		{CBADBD19-2511-487C-B239-A22BA0F9096E} = {0AB3BF05-4346-4AA6-1389-037BE0695223}
		{BFB3415A-F684-434D-A65E-3261EC902A04} = {0AB3BF05-4346-4AA6-1389-037BE0695223}
		{F5AD6DBE-7EDA-451C-97B2-919BC8F33F46} = {0AB3BF05-4346-4AA6-1389-037BE0695223}
	EndGlobalSection
EndGlobal
